
Microsoft Visual Studio Solution File, Format Version 12.00
# Visual Studio Version 17
VisualStudioVersion = 17.10.34916.146
MinimumVisualStudioVersion = 10.0.40219.1
Project("{8BC9CEB8-8B4A-11D0-8D11-00A0C91BC942}") = "DZ 1", "DZ 1.vcxproj", "{8CC7E573-EC3B-4194-ABF4-DD7C2E43833D}"
EndProject
Global
	GlobalSection(SolutionConfigurationPlatforms) = preSolution
		Debug|x64 = Debug|x64
		Debug|x86 = Debug|x86
		Release|x64 = Release|x64
		Release|x86 = Release|x86
	EndGlobalSection
	GlobalSection(ProjectConfigurationPlatforms) = postSolution
		{8CC7E573-EC3B-4194-ABF4-DD7C2E43833D}.Debug|x64.ActiveCfg = Debug|x64
		{8CC7E573-EC3B-4194-ABF4-DD7C2E43833D}.Debug|x64.Build.0 = Debug|x64
		{8CC7E573-EC3B-4194-ABF4-DD7C2E43833D}.Debug|x86.ActiveCfg = Debug|Win32
		{8CC7E573-EC3B-4194-ABF4-DD7C2E43833D}.Debug|x86.Build.0 = Debug|Win32
		{8CC7E573-EC3B-4194-ABF4-DD7C2E43833D}.Release|x64.ActiveCfg = Release|x64
		{8CC7E573-EC3B-4194-ABF4-DD7C2E43833D}.Release|x64.Build.0 = Release|x64
		{8CC7E573-EC3B-4194-ABF4-DD7C2E43833D}.Release|x86.ActiveCfg = Release|Win32
		{8CC7E573-EC3B-4194-ABF4-DD7C2E43833D}.Release|x86.Build.0 = Release|Win32
	EndGlobalSection
	GlobalSection(SolutionProperties) = preSolution
		HideSolutionNode = FALSE
	EndGlobalSection
	GlobalSection(ExtensibilityGlobals) = postSolution
		SolutionGuid = {91A2CCE6-F560-468F-B304-501F2566D73C}
	EndGlobalSection
EndGlobal
