
Microsoft Visual Studio Solution File, Format Version 12.00
# Visual Studio Version 17
VisualStudioVersion = 17.10.34916.146
MinimumVisualStudioVersion = 10.0.40219.1
Project("{8BC9CEB8-8B4A-11D0-8D11-00A0C91BC942}") = "DZ 1.2", "DZ 1.2.vcxproj", "{EF55B162-2116-4484-B1B1-F6A82F43ABD5}"
EndProject
Global
	GlobalSection(SolutionConfigurationPlatforms) = preSolution
		Debug|x64 = Debug|x64
		Debug|x86 = Debug|x86
		Release|x64 = Release|x64
		Release|x86 = Release|x86
	EndGlobalSection
	GlobalSection(ProjectConfigurationPlatforms) = postSolution
		{EF55B162-2116-4484-B1B1-F6A82F43ABD5}.Debug|x64.ActiveCfg = Debug|x64
		{EF55B162-2116-4484-B1B1-F6A82F43ABD5}.Debug|x64.Build.0 = Debug|x64
		{EF55B162-2116-4484-B1B1-F6A82F43ABD5}.Debug|x86.ActiveCfg = Debug|Win32
		{EF55B162-2116-4484-B1B1-F6A82F43ABD5}.Debug|x86.Build.0 = Debug|Win32
		{EF55B162-2116-4484-B1B1-F6A82F43ABD5}.Release|x64.ActiveCfg = Release|x64
		{EF55B162-2116-4484-B1B1-F6A82F43ABD5}.Release|x64.Build.0 = Release|x64
		{EF55B162-2116-4484-B1B1-F6A82F43ABD5}.Release|x86.ActiveCfg = Release|Win32
		{EF55B162-2116-4484-B1B1-F6A82F43ABD5}.Release|x86.Build.0 = Release|Win32
	EndGlobalSection
	GlobalSection(SolutionProperties) = preSolution
		HideSolutionNode = FALSE
	EndGlobalSection
	GlobalSection(ExtensibilityGlobals) = postSolution
		SolutionGuid = {3719D6AB-9358-410B-8FDC-5423196AA954}
	EndGlobalSection
EndGlobal
